
Microsoft Visual Studio Solution File, Format Version 12.00
# Visual Studio Version 17
VisualStudioVersion = 17.8.34322.80
MinimumVisualStudioVersion = 10.0.40219.1
Project("{9A19103F-16F7-4668-BE54-9A1E7A4F7556}") = "WebAddressBook.DAL", "DAL\WebAddressBook.DAL.csproj", "{B9BC97DE-D113-4598-ABE7-F31A6ED5065E}"
EndProject
Project("{9A19103F-16F7-4668-BE54-9A1E7A4F7556}") = "WebAddressBook.Api", "WebApi\WebAddressBook.Api.csproj", "{46FF2714-9D98-459C-A4BC-F62DB122EA9D}"
EndProject
Project("{FAE04EC0-301F-11D3-BF4B-00C04F79EFBC}") = "WebAddressBook.Blazor", "WebAddressBook.Blazor\WebAddressBook.Blazor.csproj", "{C6F9E891-AAB1-47FC-8CC4-71AF14560FCC}"
EndProject
Global
	GlobalSection(SolutionConfigurationPlatforms) = preSolution
		Debug|Any CPU = Debug|Any CPU
		Release|Any CPU = Release|Any CPU
	EndGlobalSection
	GlobalSection(ProjectConfigurationPlatforms) = postSolution
		{B9BC97DE-D113-4598-ABE7-F31A6ED5065E}.Debug|Any CPU.ActiveCfg = Debug|Any CPU
		{B9BC97DE-D113-4598-ABE7-F31A6ED5065E}.Debug|Any CPU.Build.0 = Debug|Any CPU
		{B9BC97DE-D113-4598-ABE7-F31A6ED5065E}.Release|Any CPU.ActiveCfg = Release|Any CPU
		{B9BC97DE-D113-4598-ABE7-F31A6ED5065E}.Release|Any CPU.Build.0 = Release|Any CPU
		{46FF2714-9D98-459C-A4BC-F62DB122EA9D}.Debug|Any CPU.ActiveCfg = Debug|Any CPU
		{46FF2714-9D98-459C-A4BC-F62DB122EA9D}.Debug|Any CPU.Build.0 = Debug|Any CPU
		{46FF2714-9D98-459C-A4BC-F62DB122EA9D}.Release|Any CPU.ActiveCfg = Release|Any CPU
		{46FF2714-9D98-459C-A4BC-F62DB122EA9D}.Release|Any CPU.Build.0 = Release|Any CPU
		{C6F9E891-AAB1-47FC-8CC4-71AF14560FCC}.Debug|Any CPU.ActiveCfg = Debug|Any CPU
		{C6F9E891-AAB1-47FC-8CC4-71AF14560FCC}.Debug|Any CPU.Build.0 = Debug|Any CPU
		{C6F9E891-AAB1-47FC-8CC4-71AF14560FCC}.Release|Any CPU.ActiveCfg = Release|Any CPU
		{C6F9E891-AAB1-47FC-8CC4-71AF14560FCC}.Release|Any CPU.Build.0 = Release|Any CPU
	EndGlobalSection
	GlobalSection(SolutionProperties) = preSolution
		HideSolutionNode = FALSE
	EndGlobalSection
	GlobalSection(ExtensibilityGlobals) = postSolution
		SolutionGuid = {6A557058-00FE-4D47-A5DA-3458CD69CA5A}
	EndGlobalSection
EndGlobal
