
Microsoft Visual Studio Solution File, Format Version 12.00
# Visual Studio Version 17
VisualStudioVersion = 17.6.33815.320
MinimumVisualStudioVersion = 10.0.40219.1
Project("{9A19103F-16F7-4668-BE54-9A1E7A4F7556}") = "WebApi", "WebApi.csproj", "{EEA8C872-C048-48EF-9BB7-31F7539EF866}"
EndProject
Global
	GlobalSection(SolutionConfigurationPlatforms) = preSolution
		Debug|Any CPU = Debug|Any CPU
		Release|Any CPU = Release|Any CPU
	EndGlobalSection
	GlobalSection(ProjectConfigurationPlatforms) = postSolution
		{EEA8C872-C048-48EF-9BB7-31F7539EF866}.Debug|Any CPU.ActiveCfg = Debug|Any CPU
		{EEA8C872-C048-48EF-9BB7-31F7539EF866}.Debug|Any CPU.Build.0 = Debug|Any CPU
		{EEA8C872-C048-48EF-9BB7-31F7539EF866}.Release|Any CPU.ActiveCfg = Release|Any CPU
		{EEA8C872-C048-48EF-9BB7-31F7539EF866}.Release|Any CPU.Build.0 = Release|Any CPU
	EndGlobalSection
	GlobalSection(SolutionProperties) = preSolution
		HideSolutionNode = FALSE
	EndGlobalSection
	GlobalSection(ExtensibilityGlobals) = postSolution
		SolutionGuid = {A3AFECAF-5F47-4943-84EE-FCBEC04620A5}
	EndGlobalSection
EndGlobal
